
Microsoft Visual Studio Solution File, Format Version 12.00
# Visual Studio Version 17
VisualStudioVersion = 17.14.36212.18
MinimumVisualStudioVersion = 10.0.40219.1
Project("{FAE04EC0-301F-11D3-BF4B-00C04F79EFBC}") = "CallerApp", "CallerApp\CallerApp.csproj", "{F24F18F9-AA50-43E7-8A8C-B93C9E8905B5}"
EndProject
Project("{FAE04EC0-301F-11D3-BF4B-00C04F79EFBC}") = "ProcessorApi", "ProcessorApi\ProcessorApi.csproj", "{F763575C-9DBD-440F-B271-7C96FDD7E55B}"
EndProject
Global
	GlobalSection(SolutionConfigurationPlatforms) = preSolution
		Debug|Any CPU = Debug|Any CPU
		Debug|x64 = Debug|x64
		Debug|x86 = Debug|x86
		Release|Any CPU = Release|Any CPU
		Release|x64 = Release|x64
		Release|x86 = Release|x86
	EndGlobalSection
	GlobalSection(ProjectConfigurationPlatforms) = postSolution
		{F24F18F9-AA50-43E7-8A8C-B93C9E8905B5}.Debug|Any CPU.ActiveCfg = Debug|Any CPU
		{F24F18F9-AA50-43E7-8A8C-B93C9E8905B5}.Debug|Any CPU.Build.0 = Debug|Any CPU
		{F24F18F9-AA50-43E7-8A8C-B93C9E8905B5}.Debug|x64.ActiveCfg = Debug|Any CPU
		{F24F18F9-AA50-43E7-8A8C-B93C9E8905B5}.Debug|x64.Build.0 = Debug|Any CPU
		{F24F18F9-AA50-43E7-8A8C-B93C9E8905B5}.Debug|x86.ActiveCfg = Debug|Any CPU
		{F24F18F9-AA50-43E7-8A8C-B93C9E8905B5}.Debug|x86.Build.0 = Debug|Any CPU
		{F24F18F9-AA50-43E7-8A8C-B93C9E8905B5}.Release|Any CPU.ActiveCfg = Release|Any CPU
		{F24F18F9-AA50-43E7-8A8C-B93C9E8905B5}.Release|Any CPU.Build.0 = Release|Any CPU
		{F24F18F9-AA50-43E7-8A8C-B93C9E8905B5}.Release|x64.ActiveCfg = Release|Any CPU
		{F24F18F9-AA50-43E7-8A8C-B93C9E8905B5}.Release|x64.Build.0 = Release|Any CPU
		{F24F18F9-AA50-43E7-8A8C-B93C9E8905B5}.Release|x86.ActiveCfg = Release|Any CPU
		{F24F18F9-AA50-43E7-8A8C-B93C9E8905B5}.Release|x86.Build.0 = Release|Any CPU
		{F763575C-9DBD-440F-B271-7C96FDD7E55B}.Debug|Any CPU.ActiveCfg = Debug|Any CPU
		{F763575C-9DBD-440F-B271-7C96FDD7E55B}.Debug|Any CPU.Build.0 = Debug|Any CPU
		{F763575C-9DBD-440F-B271-7C96FDD7E55B}.Debug|x64.ActiveCfg = Debug|Any CPU
		{F763575C-9DBD-440F-B271-7C96FDD7E55B}.Debug|x64.Build.0 = Debug|Any CPU
		{F763575C-9DBD-440F-B271-7C96FDD7E55B}.Debug|x86.ActiveCfg = Debug|Any CPU
		{F763575C-9DBD-440F-B271-7C96FDD7E55B}.Debug|x86.Build.0 = Debug|Any CPU
		{F763575C-9DBD-440F-B271-7C96FDD7E55B}.Release|Any CPU.ActiveCfg = Release|Any CPU
		{F763575C-9DBD-440F-B271-7C96FDD7E55B}.Release|Any CPU.Build.0 = Release|Any CPU
		{F763575C-9DBD-440F-B271-7C96FDD7E55B}.Release|x64.ActiveCfg = Release|Any CPU
		{F763575C-9DBD-440F-B271-7C96FDD7E55B}.Release|x64.Build.0 = Release|Any CPU
		{F763575C-9DBD-440F-B271-7C96FDD7E55B}.Release|x86.ActiveCfg = Release|Any CPU
		{F763575C-9DBD-440F-B271-7C96FDD7E55B}.Release|x86.Build.0 = Release|Any CPU
	EndGlobalSection
	GlobalSection(SolutionProperties) = preSolution
		HideSolutionNode = FALSE
	EndGlobalSection
	GlobalSection(ExtensibilityGlobals) = postSolution
		SolutionGuid = {C4CC4491-901D-4126-872D-A45DD7851C35}
	EndGlobalSection
EndGlobal
